// !$*UTF8*$!
{
	archiveVersion = 1;
	classes = {
	};
	objectVersion = 77;
	objects = {

/* Begin PBXBuildFile section */
		02B3CF147CA45448FE3432ED /* SVGExporter.swift in Sources */ = {isa = PBXBuildFile; fileRef = F3A1079E66A1D86608DD7C64 /* SVGExporter.swift */; };
		1185A34234A4D812B869334A /* GlyphNameServiceTests.swift in Sources */ = {isa = PBXBuildFile; fileRef = 228E2CDB3942F0DA2B1F7030 /* GlyphNameServiceTests.swift */; };
		1268B2120FB98007E9471212 /* FontPickerView.swift in Sources */ = {isa = PBXBuildFile; fileRef = 8EA27E6644C2A80A6719CEF9 /* FontPickerView.swift */; };
		18CA79D07AEBB7C291ABCC5B /* WindowStateStore.swift in Sources */ = {isa = PBXBuildFile; fileRef = 9ADCB0C0CE4C64C63FFA4C92 /* WindowStateStore.swift */; };
		420918FB018846EA8EC582A1 /* AppFocusTracker.swift in Sources */ = {isa = PBXBuildFile; fileRef = 0096E60F75C412DCCEF7CCB8 /* AppFocusTracker.swift */; };
		4AF3B9B32BE658832FAFA8B2 /* RecentlyUsedStoreTests.swift in Sources */ = {isa = PBXBuildFile; fileRef = AB870C0881931D8A03567F07 /* RecentlyUsedStoreTests.swift */; };
		5BDEC26D59BAF3C44EA447B1 /* WindowManager.swift in Sources */ = {isa = PBXBuildFile; fileRef = 7C266A2F141766332C0D1353 /* WindowManager.swift */; };
		5CDB25F27937C5BFAA2CEA68 /* GlyphCellView.swift in Sources */ = {isa = PBXBuildFile; fileRef = 31DA75EEF18717CCFCDED87B /* GlyphCellView.swift */; };
		6A51C0F27E0AC9D9F211BA62 /* ClipboardService.swift in Sources */ = {isa = PBXBuildFile; fileRef = B82C149F5278490D0E47B783 /* ClipboardService.swift */; };
		80BD762F8733533E52EBDBC5 /* GlyphoidTestsPlaceholder.swift in Sources */ = {isa = PBXBuildFile; fileRef = 528FA674912E49DB0B886716 /* GlyphoidTestsPlaceholder.swift */; };
		8E7763834579337F5EF8F40F /* AccessibilityPermissionView.swift in Sources */ = {isa = PBXBuildFile; fileRef = C99B6332538D569815939694 /* AccessibilityPermissionView.swift */; };
		8ED2DE8304B28CA4486352A8 /* Assets.xcassets in Resources */ = {isa = PBXBuildFile; fileRef = FBAA416333C7E46ADDB76145 /* Assets.xcassets */; };
		9A1F515D009D5D7EFC38252E /* GlyphStatusBarView.swift in Sources */ = {isa = PBXBuildFile; fileRef = 184E0C2686B7C58988AE7F48 /* GlyphStatusBarView.swift */; };
		A0F2AB12C36BBAE1D3683F8F /* ContentView.swift in Sources */ = {isa = PBXBuildFile; fileRef = D45F78126C65378C8CC1ECD9 /* ContentView.swift */; };
		A27FFDD567F2AF3FE5039BC3 /* GlyphEntry.swift in Sources */ = {isa = PBXBuildFile; fileRef = BA771AD934E8B9F6BFF84003 /* GlyphEntry.swift */; };
		A2B2BF063C193D89B7FCD7F5 /* FontFamily.swift in Sources */ = {isa = PBXBuildFile; fileRef = 0EC9726B3CA687B4886A9DBF /* FontFamily.swift */; };
		A4B441DF733FD1677035BE09 /* glyph-categories.json in Resources */ = {isa = PBXBuildFile; fileRef = 01D7B2FA61FE5D54EF53458B /* glyph-categories.json */; };
		AB1E8358A826AFBFC14EE731 /* GlyphoidApp.swift in Sources */ = {isa = PBXBuildFile; fileRef = DEB6FAA2C2E7D471C1252FE7 /* GlyphoidApp.swift */; };
		AB368A9C9B57880D71AFB69E /* GlyphCategory.swift in Sources */ = {isa = PBXBuildFile; fileRef = C220814E7F8D9C4F04FE352A /* GlyphCategory.swift */; };
		B3195E764BEFFA1280BB61C6 /* SizeSliderView.swift in Sources */ = {isa = PBXBuildFile; fileRef = 94A29BE2BEB53415BFF360C8 /* SizeSliderView.swift */; };
		B697AD5BE12B3BDFC337E8B7 /* AboutView.swift in Sources */ = {isa = PBXBuildFile; fileRef = 47E9E566F3FE742FC2802CE8 /* AboutView.swift */; };
		BB1DCDC2348B7DA985F1C61A /* CategoryFilterView.swift in Sources */ = {isa = PBXBuildFile; fileRef = 9432BDC25DAD6869D7D3952D /* CategoryFilterView.swift */; };
		C4F369A5ED6982121A69075F /* cldr-de-names.json in Resources */ = {isa = PBXBuildFile; fileRef = 0C6117038F260273D4209C51 /* cldr-de-names.json */; };
		D489746918CF7FB9D41528B2 /* AppState.swift in Sources */ = {isa = PBXBuildFile; fileRef = 77E963CB08E3983E1B7223FE /* AppState.swift */; };
		D7C79A7A2F52C96FB138973A /* GlyphNameService.swift in Sources */ = {isa = PBXBuildFile; fileRef = F91FCAD529C5E2AAC27617B1 /* GlyphNameService.swift */; };
		DFFAFFA73E32F4CD6E27B8DA /* SVGExporterTests.swift in Sources */ = {isa = PBXBuildFile; fileRef = 865142237C85F9A079E594B2 /* SVGExporterTests.swift */; };
		E5B951104E2B3E3F04E3981F /* RecentlyUsedStore.swift in Sources */ = {isa = PBXBuildFile; fileRef = 325651077B48979D74C0F139 /* RecentlyUsedStore.swift */; };
		E6EBF499FD13FEAE31BDDF38 /* SidebarView.swift in Sources */ = {isa = PBXBuildFile; fileRef = 53AA36C44340B7133DC8D5FE /* SidebarView.swift */; };
		EAE64B1A3F08A364B7BB53DD /* FontService.swift in Sources */ = {isa = PBXBuildFile; fileRef = AF7F50AD828E7F2A8DD96CE1 /* FontService.swift */; };
		F58E407B5E96272E5D901805 /* GlyphGridView.swift in Sources */ = {isa = PBXBuildFile; fileRef = E36B720CF8C9B32BB32D3D56 /* GlyphGridView.swift */; };
		F67D15EC7FF4F7BF478D2972 /* FontServiceTests.swift in Sources */ = {isa = PBXBuildFile; fileRef = 7B52B6C31BF126EF816C3DE5 /* FontServiceTests.swift */; };
		F9D0CDC92A49933131B22569 /* RecentGlyph.swift in Sources */ = {isa = PBXBuildFile; fileRef = 3D5BD7E434C821B829064026 /* RecentGlyph.swift */; };
/* End PBXBuildFile section */

/* Begin PBXContainerItemProxy section */
		C7C146A0BD235119909905DD /* PBXContainerItemProxy */ = {
			isa = PBXContainerItemProxy;
			containerPortal = 2D0F708DBCC83CEE3A470E2E /* Project object */;
			proxyType = 1;
			remoteGlobalIDString = EEA9F4A9CD2F1BBD99871DDB;
			remoteInfo = Glyphoid;
		};
/* End PBXContainerItemProxy section */

/* Begin PBXFileReference section */
		0096E60F75C412DCCEF7CCB8 /* AppFocusTracker.swift */ = {isa = PBXFileReference; lastKnownFileType = sourcecode.swift; path = AppFocusTracker.swift; sourceTree = "<group>"; };
		01D7B2FA61FE5D54EF53458B /* glyph-categories.json */ = {isa = PBXFileReference; lastKnownFileType = text.json; path = "glyph-categories.json"; sourceTree = "<group>"; };
		0C6117038F260273D4209C51 /* cldr-de-names.json */ = {isa = PBXFileReference; lastKnownFileType = text.json; path = "cldr-de-names.json"; sourceTree = "<group>"; };
		0EC9726B3CA687B4886A9DBF /* FontFamily.swift */ = {isa = PBXFileReference; lastKnownFileType = sourcecode.swift; path = FontFamily.swift; sourceTree = "<group>"; };
		15646D886C39F9BC7E3CD9AB /* Glyphoid.app */ = {isa = PBXFileReference; explicitFileType = wrapper.application; includeInIndex = 0; path = Glyphoid.app; sourceTree = BUILT_PRODUCTS_DIR; };
		184E0C2686B7C58988AE7F48 /* GlyphStatusBarView.swift */ = {isa = PBXFileReference; lastKnownFileType = sourcecode.swift; path = GlyphStatusBarView.swift; sourceTree = "<group>"; };
		228E2CDB3942F0DA2B1F7030 /* GlyphNameServiceTests.swift */ = {isa = PBXFileReference; lastKnownFileType = sourcecode.swift; path = GlyphNameServiceTests.swift; sourceTree = "<group>"; };
		31DA75EEF18717CCFCDED87B /* GlyphCellView.swift */ = {isa = PBXFileReference; lastKnownFileType = sourcecode.swift; path = GlyphCellView.swift; sourceTree = "<group>"; };
		325651077B48979D74C0F139 /* RecentlyUsedStore.swift */ = {isa = PBXFileReference; lastKnownFileType = sourcecode.swift; path = RecentlyUsedStore.swift; sourceTree = "<group>"; };
		3D5BD7E434C821B829064026 /* RecentGlyph.swift */ = {isa = PBXFileReference; lastKnownFileType = sourcecode.swift; path = RecentGlyph.swift; sourceTree = "<group>"; };
		47E9E566F3FE742FC2802CE8 /* AboutView.swift */ = {isa = PBXFileReference; lastKnownFileType = sourcecode.swift; path = AboutView.swift; sourceTree = "<group>"; };
		528FA674912E49DB0B886716 /* GlyphoidTestsPlaceholder.swift */ = {isa = PBXFileReference; lastKnownFileType = sourcecode.swift; path = GlyphoidTestsPlaceholder.swift; sourceTree = "<group>"; };
		53AA36C44340B7133DC8D5FE /* SidebarView.swift */ = {isa = PBXFileReference; lastKnownFileType = sourcecode.swift; path = SidebarView.swift; sourceTree = "<group>"; };
		77E963CB08E3983E1B7223FE /* AppState.swift */ = {isa = PBXFileReference; lastKnownFileType = sourcecode.swift; path = AppState.swift; sourceTree = "<group>"; };
		7B52B6C31BF126EF816C3DE5 /* FontServiceTests.swift */ = {isa = PBXFileReference; lastKnownFileType = sourcecode.swift; path = FontServiceTests.swift; sourceTree = "<group>"; };
		7C266A2F141766332C0D1353 /* WindowManager.swift */ = {isa = PBXFileReference; lastKnownFileType = sourcecode.swift; path = WindowManager.swift; sourceTree = "<group>"; };
		865142237C85F9A079E594B2 /* SVGExporterTests.swift */ = {isa = PBXFileReference; lastKnownFileType = sourcecode.swift; path = SVGExporterTests.swift; sourceTree = "<group>"; };
		8EA27E6644C2A80A6719CEF9 /* FontPickerView.swift */ = {isa = PBXFileReference; lastKnownFileType = sourcecode.swift; path = FontPickerView.swift; sourceTree = "<group>"; };
		9432BDC25DAD6869D7D3952D /* CategoryFilterView.swift */ = {isa = PBXFileReference; lastKnownFileType = sourcecode.swift; path = CategoryFilterView.swift; sourceTree = "<group>"; };
		94A29BE2BEB53415BFF360C8 /* SizeSliderView.swift */ = {isa = PBXFileReference; lastKnownFileType = sourcecode.swift; path = SizeSliderView.swift; sourceTree = "<group>"; };
		9ADCB0C0CE4C64C63FFA4C92 /* WindowStateStore.swift */ = {isa = PBXFileReference; lastKnownFileType = sourcecode.swift; path = WindowStateStore.swift; sourceTree = "<group>"; };
		A4DE46152ED222DC5C03CAD5 /* GlyphoidTests.xctest */ = {isa = PBXFileReference; explicitFileType = wrapper.cfbundle; includeInIndex = 0; path = GlyphoidTests.xctest; sourceTree = BUILT_PRODUCTS_DIR; };
		A640CAE527F490C04716D2D9 /* Glyphoid.entitlements */ = {isa = PBXFileReference; lastKnownFileType = text.plist.entitlements; path = Glyphoid.entitlements; sourceTree = "<group>"; };
		AB870C0881931D8A03567F07 /* RecentlyUsedStoreTests.swift */ = {isa = PBXFileReference; lastKnownFileType = sourcecode.swift; path = RecentlyUsedStoreTests.swift; sourceTree = "<group>"; };
		AF7F50AD828E7F2A8DD96CE1 /* FontService.swift */ = {isa = PBXFileReference; lastKnownFileType = sourcecode.swift; path = FontService.swift; sourceTree = "<group>"; };
		B82C149F5278490D0E47B783 /* ClipboardService.swift */ = {isa = PBXFileReference; lastKnownFileType = sourcecode.swift; path = ClipboardService.swift; sourceTree = "<group>"; };
		BA771AD934E8B9F6BFF84003 /* GlyphEntry.swift */ = {isa = PBXFileReference; lastKnownFileType = sourcecode.swift; path = GlyphEntry.swift; sourceTree = "<group>"; };
		C220814E7F8D9C4F04FE352A /* GlyphCategory.swift */ = {isa = PBXFileReference; lastKnownFileType = sourcecode.swift; path = GlyphCategory.swift; sourceTree = "<group>"; };
		C99B6332538D569815939694 /* AccessibilityPermissionView.swift */ = {isa = PBXFileReference; lastKnownFileType = sourcecode.swift; path = AccessibilityPermissionView.swift; sourceTree = "<group>"; };
		D45F78126C65378C8CC1ECD9 /* ContentView.swift */ = {isa = PBXFileReference; lastKnownFileType = sourcecode.swift; path = ContentView.swift; sourceTree = "<group>"; };
		DEB6FAA2C2E7D471C1252FE7 /* GlyphoidApp.swift */ = {isa = PBXFileReference; lastKnownFileType = sourcecode.swift; path = GlyphoidApp.swift; sourceTree = "<group>"; };
		E36B720CF8C9B32BB32D3D56 /* GlyphGridView.swift */ = {isa = PBXFileReference; lastKnownFileType = sourcecode.swift; path = GlyphGridView.swift; sourceTree = "<group>"; };
		F3A1079E66A1D86608DD7C64 /* SVGExporter.swift */ = {isa = PBXFileReference; lastKnownFileType = sourcecode.swift; path = SVGExporter.swift; sourceTree = "<group>"; };
		F91FCAD529C5E2AAC27617B1 /* GlyphNameService.swift */ = {isa = PBXFileReference; lastKnownFileType = sourcecode.swift; path = GlyphNameService.swift; sourceTree = "<group>"; };
		FBAA416333C7E46ADDB76145 /* Assets.xcassets */ = {isa = PBXFileReference; lastKnownFileType = folder.assetcatalog; path = Assets.xcassets; sourceTree = "<group>"; };
/* End PBXFileReference section */

/* Begin PBXGroup section */
		025711C8A316B461375B3987 /* Sidebar */ = {
			isa = PBXGroup;
			children = (
				9432BDC25DAD6869D7D3952D /* CategoryFilterView.swift */,
				8EA27E6644C2A80A6719CEF9 /* FontPickerView.swift */,
				53AA36C44340B7133DC8D5FE /* SidebarView.swift */,
				94A29BE2BEB53415BFF360C8 /* SizeSliderView.swift */,
			);
			path = Sidebar;
			sourceTree = "<group>";
		};
		03AE568178D45EA642ECE956 /* Models */ = {
			isa = PBXGroup;
			children = (
				0EC9726B3CA687B4886A9DBF /* FontFamily.swift */,
				C220814E7F8D9C4F04FE352A /* GlyphCategory.swift */,
				BA771AD934E8B9F6BFF84003 /* GlyphEntry.swift */,
				3D5BD7E434C821B829064026 /* RecentGlyph.swift */,
			);
			path = Models;
			sourceTree = "<group>";
		};
		1A9185950BBA511159D0ACF3 /* GlyphoidTests */ = {
			isa = PBXGroup;
			children = (
				7B52B6C31BF126EF816C3DE5 /* FontServiceTests.swift */,
				228E2CDB3942F0DA2B1F7030 /* GlyphNameServiceTests.swift */,
				528FA674912E49DB0B886716 /* GlyphoidTestsPlaceholder.swift */,
				AB870C0881931D8A03567F07 /* RecentlyUsedStoreTests.swift */,
				865142237C85F9A079E594B2 /* SVGExporterTests.swift */,
			);
			path = GlyphoidTests;
			sourceTree = "<group>";
		};
		3510CBF776D3C846C4AC5D87 /* Glyphoid */ = {
			isa = PBXGroup;
			children = (
				77E963CB08E3983E1B7223FE /* AppState.swift */,
				A640CAE527F490C04716D2D9 /* Glyphoid.entitlements */,
				DEB6FAA2C2E7D471C1252FE7 /* GlyphoidApp.swift */,
				03AE568178D45EA642ECE956 /* Models */,
				D373D5ACB00E1A863AEB82E5 /* Resources */,
				B43391DFE1DF2AAFE1754AA8 /* Services */,
				AC8B140AAA5DBB32B152B702 /* Views */,
				CF2631E0FCB8973F30C99E55 /* Window */,
			);
			path = Glyphoid;
			sourceTree = "<group>";
		};
		6766C1CD9D19696C4A91DE7E /* Grid */ = {
			isa = PBXGroup;
			children = (
				31DA75EEF18717CCFCDED87B /* GlyphCellView.swift */,
				E36B720CF8C9B32BB32D3D56 /* GlyphGridView.swift */,
			);
			path = Grid;
			sourceTree = "<group>";
		};
		6BE7A8E9AF6CA89B10753402 = {
			isa = PBXGroup;
			children = (
				3510CBF776D3C846C4AC5D87 /* Glyphoid */,
				1A9185950BBA511159D0ACF3 /* GlyphoidTests */,
				AA75C10FD1FC4D90EBBA313C /* Products */,
			);
			sourceTree = "<group>";
		};
		AA75C10FD1FC4D90EBBA313C /* Products */ = {
			isa = PBXGroup;
			children = (
				15646D886C39F9BC7E3CD9AB /* Glyphoid.app */,
				A4DE46152ED222DC5C03CAD5 /* GlyphoidTests.xctest */,
			);
			name = Products;
			sourceTree = "<group>";
		};
		AC8B140AAA5DBB32B152B702 /* Views */ = {
			isa = PBXGroup;
			children = (
				47E9E566F3FE742FC2802CE8 /* AboutView.swift */,
				C99B6332538D569815939694 /* AccessibilityPermissionView.swift */,
				D45F78126C65378C8CC1ECD9 /* ContentView.swift */,
				184E0C2686B7C58988AE7F48 /* GlyphStatusBarView.swift */,
				6766C1CD9D19696C4A91DE7E /* Grid */,
				025711C8A316B461375B3987 /* Sidebar */,
			);
			path = Views;
			sourceTree = "<group>";
		};
		B43391DFE1DF2AAFE1754AA8 /* Services */ = {
			isa = PBXGroup;
			children = (
				0096E60F75C412DCCEF7CCB8 /* AppFocusTracker.swift */,
				B82C149F5278490D0E47B783 /* ClipboardService.swift */,
				AF7F50AD828E7F2A8DD96CE1 /* FontService.swift */,
				F91FCAD529C5E2AAC27617B1 /* GlyphNameService.swift */,
				325651077B48979D74C0F139 /* RecentlyUsedStore.swift */,
				F3A1079E66A1D86608DD7C64 /* SVGExporter.swift */,
				9ADCB0C0CE4C64C63FFA4C92 /* WindowStateStore.swift */,
			);
			path = Services;
			sourceTree = "<group>";
		};
		CF2631E0FCB8973F30C99E55 /* Window */ = {
			isa = PBXGroup;
			children = (
				7C266A2F141766332C0D1353 /* WindowManager.swift */,
			);
			path = Window;
			sourceTree = "<group>";
		};
		D373D5ACB00E1A863AEB82E5 /* Resources */ = {
			isa = PBXGroup;
			children = (
				FBAA416333C7E46ADDB76145 /* Assets.xcassets */,
				0C6117038F260273D4209C51 /* cldr-de-names.json */,
				01D7B2FA61FE5D54EF53458B /* glyph-categories.json */,
			);
			path = Resources;
			sourceTree = "<group>";
		};
/* End PBXGroup section */

/* Begin PBXNativeTarget section */
		973F7AB45D02AA2D8C7B7CFE /* GlyphoidTests */ = {
			isa = PBXNativeTarget;
			buildConfigurationList = E4C7C03AB51925B4C9047191 /* Build configuration list for PBXNativeTarget "GlyphoidTests" */;
			buildPhases = (
				CD9A0C3D5F23056F2FA75EBD /* Sources */,
			);
			buildRules = (
			);
			dependencies = (
				480523DB5A6300796F902759 /* PBXTargetDependency */,
			);
			name = GlyphoidTests;
			packageProductDependencies = (
			);
			productName = GlyphoidTests;
			productReference = A4DE46152ED222DC5C03CAD5 /* GlyphoidTests.xctest */;
			productType = "com.apple.product-type.bundle.unit-test";
		};
		EEA9F4A9CD2F1BBD99871DDB /* Glyphoid */ = {
			isa = PBXNativeTarget;
			buildConfigurationList = 52EA5FC7AC1FF970654685AB /* Build configuration list for PBXNativeTarget "Glyphoid" */;
			buildPhases = (
				AF8D5B22544EE3D00774686B /* Sources */,
				33DE7C7E56C4DAD528762A27 /* Resources */,
			);
			buildRules = (
			);
			dependencies = (
			);
			name = Glyphoid;
			packageProductDependencies = (
			);
			productName = Glyphoid;
			productReference = 15646D886C39F9BC7E3CD9AB /* Glyphoid.app */;
			productType = "com.apple.product-type.application";
		};
/* End PBXNativeTarget section */

/* Begin PBXProject section */
		2D0F708DBCC83CEE3A470E2E /* Project object */ = {
			isa = PBXProject;
			attributes = {
				BuildIndependentTargetsInParallel = YES;
				LastUpgradeCheck = 1500;
				TargetAttributes = {
				};
			};
			buildConfigurationList = 5F6D3396894DD85927706D9E /* Build configuration list for PBXProject "Glyphoid" */;
			developmentRegion = en;
			hasScannedForEncodings = 0;
			knownRegions = (
				Base,
				en,
			);
			mainGroup = 6BE7A8E9AF6CA89B10753402;
			minimizedProjectReferenceProxies = 1;
			preferredProjectObjectVersion = 77;
			productRefGroup = AA75C10FD1FC4D90EBBA313C /* Products */;
			projectDirPath = "";
			projectRoot = "";
			targets = (
				EEA9F4A9CD2F1BBD99871DDB /* Glyphoid */,
				973F7AB45D02AA2D8C7B7CFE /* GlyphoidTests */,
			);
		};
/* End PBXProject section */

/* Begin PBXResourcesBuildPhase section */
		33DE7C7E56C4DAD528762A27 /* Resources */ = {
			isa = PBXResourcesBuildPhase;
			buildActionMask = 2147483647;
			files = (
				8ED2DE8304B28CA4486352A8 /* Assets.xcassets in Resources */,
				C4F369A5ED6982121A69075F /* cldr-de-names.json in Resources */,
				A4B441DF733FD1677035BE09 /* glyph-categories.json in Resources */,
			);
			runOnlyForDeploymentPostprocessing = 0;
		};
/* End PBXResourcesBuildPhase section */

/* Begin PBXSourcesBuildPhase section */
		AF8D5B22544EE3D00774686B /* Sources */ = {
			isa = PBXSourcesBuildPhase;
			buildActionMask = 2147483647;
			files = (
				B697AD5BE12B3BDFC337E8B7 /* AboutView.swift in Sources */,
				8E7763834579337F5EF8F40F /* AccessibilityPermissionView.swift in Sources */,
				420918FB018846EA8EC582A1 /* AppFocusTracker.swift in Sources */,
				D489746918CF7FB9D41528B2 /* AppState.swift in Sources */,
				BB1DCDC2348B7DA985F1C61A /* CategoryFilterView.swift in Sources */,
				6A51C0F27E0AC9D9F211BA62 /* ClipboardService.swift in Sources */,
				A0F2AB12C36BBAE1D3683F8F /* ContentView.swift in Sources */,
				A2B2BF063C193D89B7FCD7F5 /* FontFamily.swift in Sources */,
				1268B2120FB98007E9471212 /* FontPickerView.swift in Sources */,
				EAE64B1A3F08A364B7BB53DD /* FontService.swift in Sources */,
				AB368A9C9B57880D71AFB69E /* GlyphCategory.swift in Sources */,
				5CDB25F27937C5BFAA2CEA68 /* GlyphCellView.swift in Sources */,
				A27FFDD567F2AF3FE5039BC3 /* GlyphEntry.swift in Sources */,
				F58E407B5E96272E5D901805 /* GlyphGridView.swift in Sources */,
				D7C79A7A2F52C96FB138973A /* GlyphNameService.swift in Sources */,
				9A1F515D009D5D7EFC38252E /* GlyphStatusBarView.swift in Sources */,
				AB1E8358A826AFBFC14EE731 /* GlyphoidApp.swift in Sources */,
				F9D0CDC92A49933131B22569 /* RecentGlyph.swift in Sources */,
				E5B951104E2B3E3F04E3981F /* RecentlyUsedStore.swift in Sources */,
				02B3CF147CA45448FE3432ED /* SVGExporter.swift in Sources */,
				E6EBF499FD13FEAE31BDDF38 /* SidebarView.swift in Sources */,
				B3195E764BEFFA1280BB61C6 /* SizeSliderView.swift in Sources */,
				5BDEC26D59BAF3C44EA447B1 /* WindowManager.swift in Sources */,
				18CA79D07AEBB7C291ABCC5B /* WindowStateStore.swift in Sources */,
			);
			runOnlyForDeploymentPostprocessing = 0;
		};
		CD9A0C3D5F23056F2FA75EBD /* Sources */ = {
			isa = PBXSourcesBuildPhase;
			buildActionMask = 2147483647;
			files = (
				F67D15EC7FF4F7BF478D2972 /* FontServiceTests.swift in Sources */,
				1185A34234A4D812B869334A /* GlyphNameServiceTests.swift in Sources */,
				80BD762F8733533E52EBDBC5 /* GlyphoidTestsPlaceholder.swift in Sources */,
				4AF3B9B32BE658832FAFA8B2 /* RecentlyUsedStoreTests.swift in Sources */,
				DFFAFFA73E32F4CD6E27B8DA /* SVGExporterTests.swift in Sources */,
			);
			runOnlyForDeploymentPostprocessing = 0;
		};
/* End PBXSourcesBuildPhase section */

/* Begin PBXTargetDependency section */
		480523DB5A6300796F902759 /* PBXTargetDependency */ = {
			isa = PBXTargetDependency;
			target = EEA9F4A9CD2F1BBD99871DDB /* Glyphoid */;
			targetProxy = C7C146A0BD235119909905DD /* PBXContainerItemProxy */;
		};
/* End PBXTargetDependency section */

/* Begin XCBuildConfiguration section */
		73600549EFA07EADD9A1A85D /* Release */ = {
			isa = XCBuildConfiguration;
			buildSettings = {
				BUNDLE_LOADER = "$(TEST_HOST)";
				COMBINE_HIDPI_IMAGES = YES;
				GENERATE_INFOPLIST_FILE = YES;
				LD_RUNPATH_SEARCH_PATHS = (
					"$(inherited)",
					"@executable_path/../Frameworks",
					"@loader_path/../Frameworks",
				);
				PRODUCT_BUNDLE_IDENTIFIER = com.glyphoid.tests;
				SDKROOT = macosx;
				TEST_HOST = "$(BUILT_PRODUCTS_DIR)/Glyphoid.app/Contents/MacOS/Glyphoid";
			};
			name = Release;
		};
		9E715E52834AFEF1872D5B46 /* Debug */ = {
			isa = XCBuildConfiguration;
			buildSettings = {
				ASSETCATALOG_COMPILER_APPICON_NAME = GlyphoidIcon;
				CODE_SIGN_ENTITLEMENTS = Glyphoid/Glyphoid.entitlements;
				COMBINE_HIDPI_IMAGES = YES;
				CURRENT_PROJECT_VERSION = 2;
				GENERATE_INFOPLIST_FILE = YES;
				LD_RUNPATH_SEARCH_PATHS = (
					"$(inherited)",
					"@executable_path/../Frameworks",
				);
				MARKETING_VERSION = 1.0.1;
				PRODUCT_BUNDLE_IDENTIFIER = com.glyphoid.app;
				SDKROOT = macosx;
			};
			name = Debug;
		};
		C4216A741CD35528615ED637 /* Release */ = {
			isa = XCBuildConfiguration;
			buildSettings = {
				ASSETCATALOG_COMPILER_APPICON_NAME = GlyphoidIcon;
				CODE_SIGN_ENTITLEMENTS = Glyphoid/Glyphoid.entitlements;
				COMBINE_HIDPI_IMAGES = YES;
				CURRENT_PROJECT_VERSION = 2;
				GENERATE_INFOPLIST_FILE = YES;
				LD_RUNPATH_SEARCH_PATHS = (
					"$(inherited)",
					"@executable_path/../Frameworks",
				);
				MARKETING_VERSION = 1.0.1;
				PRODUCT_BUNDLE_IDENTIFIER = com.glyphoid.app;
				SDKROOT = macosx;
			};
			name = Release;
		};
		CA6329CF5BA5C7F192535486 /* Release */ = {
			isa = XCBuildConfiguration;
			buildSettings = {
				ALWAYS_SEARCH_USER_PATHS = NO;
				CLANG_ANALYZER_NONNULL = YES;
				CLANG_ANALYZER_NUMBER_OBJECT_CONVERSION = YES_AGGRESSIVE;
				CLANG_CXX_LANGUAGE_STANDARD = "gnu++14";
				CLANG_CXX_LIBRARY = "libc++";
				CLANG_ENABLE_MODULES = YES;
				CLANG_ENABLE_OBJC_ARC = YES;
				CLANG_ENABLE_OBJC_WEAK = YES;
				CLANG_WARN_BLOCK_CAPTURE_AUTORELEASING = YES;
				CLANG_WARN_BOOL_CONVERSION = YES;
				CLANG_WARN_COMMA = YES;
				CLANG_WARN_CONSTANT_CONVERSION = YES;
				CLANG_WARN_DEPRECATED_OBJC_IMPLEMENTATIONS = YES;
				CLANG_WARN_DIRECT_OBJC_ISA_USAGE = YES_ERROR;
				CLANG_WARN_DOCUMENTATION_COMMENTS = YES;
				CLANG_WARN_EMPTY_BODY = YES;
				CLANG_WARN_ENUM_CONVERSION = YES;
				CLANG_WARN_INFINITE_RECURSION = YES;
				CLANG_WARN_INT_CONVERSION = YES;
				CLANG_WARN_NON_LITERAL_NULL_CONVERSION = YES;
				CLANG_WARN_OBJC_IMPLICIT_RETAIN_SELF = YES;
				CLANG_WARN_OBJC_LITERAL_CONVERSION = YES;
				CLANG_WARN_OBJC_ROOT_CLASS = YES_ERROR;
				CLANG_WARN_QUOTED_INCLUDE_IN_FRAMEWORK_HEADER = YES;
				CLANG_WARN_RANGE_LOOP_ANALYSIS = YES;
				CLANG_WARN_STRICT_PROTOTYPES = YES;
				CLANG_WARN_SUSPICIOUS_MOVE = YES;
				CLANG_WARN_UNGUARDED_AVAILABILITY = YES_AGGRESSIVE;
				CLANG_WARN_UNREACHABLE_CODE = YES;
				CLANG_WARN__DUPLICATE_METHOD_MATCH = YES;
				COPY_PHASE_STRIP = NO;
				DEBUG_INFORMATION_FORMAT = "dwarf-with-dsym";
				ENABLE_NS_ASSERTIONS = NO;
				ENABLE_STRICT_OBJC_MSGSEND = YES;
				GCC_C_LANGUAGE_STANDARD = gnu11;
				GCC_NO_COMMON_BLOCKS = YES;
				GCC_WARN_64_TO_32_BIT_CONVERSION = YES;
				GCC_WARN_ABOUT_RETURN_TYPE = YES_ERROR;
				GCC_WARN_UNDECLARED_SELECTOR = YES;
				GCC_WARN_UNINITIALIZED_AUTOS = YES_AGGRESSIVE;
				GCC_WARN_UNUSED_FUNCTION = YES;
				GCC_WARN_UNUSED_VARIABLE = YES;
				MACOSX_DEPLOYMENT_TARGET = 14.0;
				MTL_ENABLE_DEBUG_INFO = NO;
				MTL_FAST_MATH = YES;
				PRODUCT_NAME = "$(TARGET_NAME)";
				SDKROOT = macosx;
				SWIFT_COMPILATION_MODE = wholemodule;
				SWIFT_OPTIMIZATION_LEVEL = "-O";
				SWIFT_VERSION = 5.9;
			};
			name = Release;
		};
		F36B029ED1B19EB16A1A2779 /* Debug */ = {
			isa = XCBuildConfiguration;
			buildSettings = {
				ALWAYS_SEARCH_USER_PATHS = NO;
				CLANG_ANALYZER_NONNULL = YES;
				CLANG_ANALYZER_NUMBER_OBJECT_CONVERSION = YES_AGGRESSIVE;
				CLANG_CXX_LANGUAGE_STANDARD = "gnu++14";
				CLANG_CXX_LIBRARY = "libc++";
				CLANG_ENABLE_MODULES = YES;
				CLANG_ENABLE_OBJC_ARC = YES;
				CLANG_ENABLE_OBJC_WEAK = YES;
				CLANG_WARN_BLOCK_CAPTURE_AUTORELEASING = YES;
				CLANG_WARN_BOOL_CONVERSION = YES;
				CLANG_WARN_COMMA = YES;
				CLANG_WARN_CONSTANT_CONVERSION = YES;
				CLANG_WARN_DEPRECATED_OBJC_IMPLEMENTATIONS = YES;
				CLANG_WARN_DIRECT_OBJC_ISA_USAGE = YES_ERROR;
				CLANG_WARN_DOCUMENTATION_COMMENTS = YES;
				CLANG_WARN_EMPTY_BODY = YES;
				CLANG_WARN_ENUM_CONVERSION = YES;
				CLANG_WARN_INFINITE_RECURSION = YES;
				CLANG_WARN_INT_CONVERSION = YES;
				CLANG_WARN_NON_LITERAL_NULL_CONVERSION = YES;
				CLANG_WARN_OBJC_IMPLICIT_RETAIN_SELF = YES;
				CLANG_WARN_OBJC_LITERAL_CONVERSION = YES;
				CLANG_WARN_OBJC_ROOT_CLASS = YES_ERROR;
				CLANG_WARN_QUOTED_INCLUDE_IN_FRAMEWORK_HEADER = YES;
				CLANG_WARN_RANGE_LOOP_ANALYSIS = YES;
				CLANG_WARN_STRICT_PROTOTYPES = YES;
				CLANG_WARN_SUSPICIOUS_MOVE = YES;
				CLANG_WARN_UNGUARDED_AVAILABILITY = YES_AGGRESSIVE;
				CLANG_WARN_UNREACHABLE_CODE = YES;
				CLANG_WARN__DUPLICATE_METHOD_MATCH = YES;
				COPY_PHASE_STRIP = NO;
				DEBUG_INFORMATION_FORMAT = dwarf;
				ENABLE_STRICT_OBJC_MSGSEND = YES;
				ENABLE_TESTABILITY = YES;
				GCC_C_LANGUAGE_STANDARD = gnu11;
				GCC_DYNAMIC_NO_PIC = NO;
				GCC_NO_COMMON_BLOCKS = YES;
				GCC_OPTIMIZATION_LEVEL = 0;
				GCC_PREPROCESSOR_DEFINITIONS = (
					"$(inherited)",
					"DEBUG=1",
				);
				GCC_WARN_64_TO_32_BIT_CONVERSION = YES;
				GCC_WARN_ABOUT_RETURN_TYPE = YES_ERROR;
				GCC_WARN_UNDECLARED_SELECTOR = YES;
				GCC_WARN_UNINITIALIZED_AUTOS = YES_AGGRESSIVE;
				GCC_WARN_UNUSED_FUNCTION = YES;
				GCC_WARN_UNUSED_VARIABLE = YES;
				MACOSX_DEPLOYMENT_TARGET = 14.0;
				MTL_ENABLE_DEBUG_INFO = INCLUDE_SOURCE;
				MTL_FAST_MATH = YES;
				ONLY_ACTIVE_ARCH = YES;
				PRODUCT_NAME = "$(TARGET_NAME)";
				SDKROOT = macosx;
				SWIFT_ACTIVE_COMPILATION_CONDITIONS = DEBUG;
				SWIFT_OPTIMIZATION_LEVEL = "-Onone";
				SWIFT_VERSION = 5.9;
			};
			name = Debug;
		};
		F5D4B40CCCD8C85E4AD97173 /* Debug */ = {
			isa = XCBuildConfiguration;
			buildSettings = {
				BUNDLE_LOADER = "$(TEST_HOST)";
				COMBINE_HIDPI_IMAGES = YES;
				GENERATE_INFOPLIST_FILE = YES;
				LD_RUNPATH_SEARCH_PATHS = (
					"$(inherited)",
					"@executable_path/../Frameworks",
					"@loader_path/../Frameworks",
				);
				PRODUCT_BUNDLE_IDENTIFIER = com.glyphoid.tests;
				SDKROOT = macosx;
				TEST_HOST = "$(BUILT_PRODUCTS_DIR)/Glyphoid.app/Contents/MacOS/Glyphoid";
			};
			name = Debug;
		};
/* End XCBuildConfiguration section */

/* Begin XCConfigurationList section */
		52EA5FC7AC1FF970654685AB /* Build configuration list for PBXNativeTarget "Glyphoid" */ = {
			isa = XCConfigurationList;
			buildConfigurations = (
				9E715E52834AFEF1872D5B46 /* Debug */,
				C4216A741CD35528615ED637 /* Release */,
			);
			defaultConfigurationIsVisible = 0;
			defaultConfigurationName = Debug;
		};
		5F6D3396894DD85927706D9E /* Build configuration list for PBXProject "Glyphoid" */ = {
			isa = XCConfigurationList;
			buildConfigurations = (
				F36B029ED1B19EB16A1A2779 /* Debug */,
				CA6329CF5BA5C7F192535486 /* Release */,
			);
			defaultConfigurationIsVisible = 0;
			defaultConfigurationName = Debug;
		};
		E4C7C03AB51925B4C9047191 /* Build configuration list for PBXNativeTarget "GlyphoidTests" */ = {
			isa = XCConfigurationList;
			buildConfigurations = (
				F5D4B40CCCD8C85E4AD97173 /* Debug */,
				73600549EFA07EADD9A1A85D /* Release */,
			);
			defaultConfigurationIsVisible = 0;
			defaultConfigurationName = Debug;
		};
/* End XCConfigurationList section */
	};
	rootObject = 2D0F708DBCC83CEE3A470E2E /* Project object */;
}
